{
  "name": "ElanelSystem",
  "lockfileVersion": 3,
  "requires": true,
  "packages": {
    "": {
      "dependencies": {
        "ldcover": "^3.5.4"
      }
    },
    "node_modules/ldcover": {
      "version": "3.5.4",
      "resolved": "https://registry.npmjs.org/ldcover/-/ldcover-3.5.4.tgz",
      "integrity": "sha512-wMsapA9jfna73bDp5bwH1dPYDSdDTpmplYHYK6Vdw+8Ktl5O7RftMDVMyi1CPAFsU9NkEtB1Echx63SOZZxCvw==",
      "license": "MIT",
      "engines": {
        "node": ">=10.14.1",
        "npm": ">=6.4.1"
      }
    }
  }
}
